
Microsoft Visual Studio Solution File, Format Version 12.00
# Visual Studio Version 16
VisualStudioVersion = 16.0.30517.126
MinimumVisualStudioVersion = 10.0.40219.1
Project("{FAE04EC0-301F-11D3-BF4B-00C04F79EFBC}") = "SlicedPassengerCars", "SlicedPassengerCars.csproj", "{82D23B30-4E2F-4A32-BC20-6EEBEB0904FB}"
EndProject
Project("{2150E333-8FDC-42A3-9474-1A3956D46DE8}") = "Solution Items", "Solution Items", "{1C6CEF50-BF70-47E9-BCCA-6F3B3D3FDB96}"
	ProjectSection(SolutionItems) = preProject
		.gitignore = .gitignore
		Info.json = Info.json
		Repository.json = Repository.json
	EndProjectSection
EndProject
Global
	GlobalSection(SolutionConfigurationPlatforms) = preSolution
		Debug|Any CPU = Debug|Any CPU
		Release|Any CPU = Release|Any CPU
	EndGlobalSection
	GlobalSection(ProjectConfigurationPlatforms) = postSolution
		{82D23B30-4E2F-4A32-BC20-6EEBEB0904FB}.Debug|Any CPU.ActiveCfg = Debug|Any CPU
		{82D23B30-4E2F-4A32-BC20-6EEBEB0904FB}.Debug|Any CPU.Build.0 = Debug|Any CPU
		{82D23B30-4E2F-4A32-BC20-6EEBEB0904FB}.Release|Any CPU.ActiveCfg = Release|Any CPU
		{82D23B30-4E2F-4A32-BC20-6EEBEB0904FB}.Release|Any CPU.Build.0 = Release|Any CPU
	EndGlobalSection
	GlobalSection(SolutionProperties) = preSolution
		HideSolutionNode = FALSE
	EndGlobalSection
	GlobalSection(ExtensibilityGlobals) = postSolution
		SolutionGuid = {AFF9F977-15F9-4B6F-9002-6A6CE3596F47}
	EndGlobalSection
EndGlobal
